
Microsoft Visual Studio Solution File, Format Version 12.00
# Visual Studio Version 16
VisualStudioVersion = 16.0.30907.101
MinimumVisualStudioVersion = 10.0.40219.1
Project("{FAE04EC0-301F-11D3-BF4B-00C04F79EFBC}") = "YelpApp_v1", "YelpApp_v1.csproj", "{F5921F42-5C9C-4E3F-BBF2-F8121D4D4889}"
EndProject
Global
	GlobalSection(SolutionConfigurationPlatforms) = preSolution
		Debug|Any CPU = Debug|Any CPU
		Release|Any CPU = Release|Any CPU
	EndGlobalSection
	GlobalSection(ProjectConfigurationPlatforms) = postSolution
		{F5921F42-5C9C-4E3F-BBF2-F8121D4D4889}.Debug|Any CPU.ActiveCfg = Debug|Any CPU
		{F5921F42-5C9C-4E3F-BBF2-F8121D4D4889}.Debug|Any CPU.Build.0 = Debug|Any CPU
		{F5921F42-5C9C-4E3F-BBF2-F8121D4D4889}.Release|Any CPU.ActiveCfg = Release|Any CPU
		{F5921F42-5C9C-4E3F-BBF2-F8121D4D4889}.Release|Any CPU.Build.0 = Release|Any CPU
	EndGlobalSection
	GlobalSection(SolutionProperties) = preSolution
		HideSolutionNode = FALSE
	EndGlobalSection
	GlobalSection(ExtensibilityGlobals) = postSolution
		SolutionGuid = {0599D729-9D4D-440C-8F25-B3BB94574C21}
	EndGlobalSection
EndGlobal
